
Microsoft Visual Studio Solution File, Format Version 12.00
# Visual Studio Version 17
VisualStudioVersion = 17.2.32519.379
MinimumVisualStudioVersion = 10.0.40219.1
Project("{FAE04EC0-301F-11D3-BF4B-00C04F79EFBC}") = "BachecaTodeschini", "BachecaTodeschini\BachecaTodeschini.csproj", "{CFF881C6-6EAB-46E4-9DA5-5120748966F3}"
EndProject
Global
	GlobalSection(SolutionConfigurationPlatforms) = preSolution
		Debug|Any CPU = Debug|Any CPU
		Release|Any CPU = Release|Any CPU
	EndGlobalSection
	GlobalSection(ProjectConfigurationPlatforms) = postSolution
		{CFF881C6-6EAB-46E4-9DA5-5120748966F3}.Debug|Any CPU.ActiveCfg = Debug|Any CPU
		{CFF881C6-6EAB-46E4-9DA5-5120748966F3}.Debug|Any CPU.Build.0 = Debug|Any CPU
		{CFF881C6-6EAB-46E4-9DA5-5120748966F3}.Release|Any CPU.ActiveCfg = Release|Any CPU
		{CFF881C6-6EAB-46E4-9DA5-5120748966F3}.Release|Any CPU.Build.0 = Release|Any CPU
	EndGlobalSection
	GlobalSection(SolutionProperties) = preSolution
		HideSolutionNode = FALSE
	EndGlobalSection
	GlobalSection(ExtensibilityGlobals) = postSolution
		SolutionGuid = {670DC7FA-8AF0-463F-A73C-C05EEDDD4D63}
	EndGlobalSection
EndGlobal
